
Microsoft Visual Studio Solution File, Format Version 12.00
# Visual Studio 15
VisualStudioVersion = 15.0.28010.2016
MinimumVisualStudioVersion = 10.0.40219.1
Project("{8BC9CEB8-8B4A-11D0-8D11-00A0C91BC942}") = "PermutationRecursive", "PermutationRecursive\PermutationRecursive.vcxproj", "{EED0CE0C-50AA-4F42-8F2F-D85714637EB1}"
EndProject
Global
	GlobalSection(SolutionConfigurationPlatforms) = preSolution
		Debug|x64 = Debug|x64
		Debug|x86 = Debug|x86
		Release|x64 = Release|x64
		Release|x86 = Release|x86
	EndGlobalSection
	GlobalSection(ProjectConfigurationPlatforms) = postSolution
		{EED0CE0C-50AA-4F42-8F2F-D85714637EB1}.Debug|x64.ActiveCfg = Debug|x64
		{EED0CE0C-50AA-4F42-8F2F-D85714637EB1}.Debug|x64.Build.0 = Debug|x64
		{EED0CE0C-50AA-4F42-8F2F-D85714637EB1}.Debug|x86.ActiveCfg = Debug|Win32
		{EED0CE0C-50AA-4F42-8F2F-D85714637EB1}.Debug|x86.Build.0 = Debug|Win32
		{EED0CE0C-50AA-4F42-8F2F-D85714637EB1}.Release|x64.ActiveCfg = Release|x64
		{EED0CE0C-50AA-4F42-8F2F-D85714637EB1}.Release|x64.Build.0 = Release|x64
		{EED0CE0C-50AA-4F42-8F2F-D85714637EB1}.Release|x86.ActiveCfg = Release|Win32
		{EED0CE0C-50AA-4F42-8F2F-D85714637EB1}.Release|x86.Build.0 = Release|Win32
	EndGlobalSection
	GlobalSection(SolutionProperties) = preSolution
		HideSolutionNode = FALSE
	EndGlobalSection
	GlobalSection(ExtensibilityGlobals) = postSolution
		SolutionGuid = {F09FE1B3-10C9-4AE3-A51C-00B48131B994}
	EndGlobalSection
EndGlobal
